// !$*UTF8*$!
{
	archiveVersion = 1;
	classes = {
	};
	objectVersion = 50;
	objects = {

/* Begin PBXBuildFile section */
		28085B0322C9B6BC0021CA4C /* AppDelegate.swift in Sources */ = {isa = PBXBuildFile; fileRef = 28085B0222C9B6BC0021CA4C /* AppDelegate.swift */; };
		28085B0522C9B6BC0021CA4C /* ViewController.swift in Sources */ = {isa = PBXBuildFile; fileRef = 28085B0422C9B6BC0021CA4C /* ViewController.swift */; };
		28085B0822C9B6BC0021CA4C /* Main.storyboard in Resources */ = {isa = PBXBuildFile; fileRef = 28085B0622C9B6BC0021CA4C /* Main.storyboard */; };
		28085B0A22C9B6C00021CA4C /* Assets.xcassets in Resources */ = {isa = PBXBuildFile; fileRef = 28085B0922C9B6C00021CA4C /* Assets.xcassets */; };
		28085B0D22C9B6C00021CA4C /* LaunchScreen.storyboard in Resources */ = {isa = PBXBuildFile; fileRef = 28085B0B22C9B6C00021CA4C /* LaunchScreen.storyboard */; };
		28085B1822C9B6C00021CA4C /* IDNumVerifTests.swift in Sources */ = {isa = PBXBuildFile; fileRef = 28085B1722C9B6C00021CA4C /* IDNumVerifTests.swift */; };
		28085B2322C9B6C00021CA4C /* IDNumVerifUITests.swift in Sources */ = {isa = PBXBuildFile; fileRef = 28085B2222C9B6C00021CA4C /* IDNumVerifUITests.swift */; };
/* End PBXBuildFile section */

/* Begin PBXContainerItemProxy section */
		28085B1422C9B6C00021CA4C /* PBXContainerItemProxy */ = {
			isa = PBXContainerItemProxy;
			containerPortal = 28085AF722C9B6BC0021CA4C /* Project object */;
			proxyType = 1;
			remoteGlobalIDString = 28085AFE22C9B6BC0021CA4C;
			remoteInfo = IDNumVerif;
		};
		28085B1F22C9B6C00021CA4C /* PBXContainerItemProxy */ = {
			isa = PBXContainerItemProxy;
			containerPortal = 28085AF722C9B6BC0021CA4C /* Project object */;
			proxyType = 1;
			remoteGlobalIDString = 28085AFE22C9B6BC0021CA4C;
			remoteInfo = IDNumVerif;
		};
/* End PBXContainerItemProxy section */

/* Begin PBXFileReference section */
		28085AFF22C9B6BC0021CA4C /* IDNumVerif.app */ = {isa = PBXFileReference; explicitFileType = wrapper.application; includeInIndex = 0; path = IDNumVerif.app; sourceTree = BUILT_PRODUCTS_DIR; };
		28085B0222C9B6BC0021CA4C /* AppDelegate.swift */ = {isa = PBXFileReference; lastKnownFileType = sourcecode.swift; path = AppDelegate.swift; sourceTree = "<group>"; };
		28085B0422C9B6BC0021CA4C /* ViewController.swift */ = {isa = PBXFileReference; lastKnownFileType = sourcecode.swift; path = ViewController.swift; sourceTree = "<group>"; };
		28085B0722C9B6BC0021CA4C /* Base */ = {isa = PBXFileReference; lastKnownFileType = file.storyboard; name = Base; path = Base.lproj/Main.storyboard; sourceTree = "<group>"; };
		28085B0922C9B6C00021CA4C /* Assets.xcassets */ = {isa = PBXFileReference; lastKnownFileType = folder.assetcatalog; path = Assets.xcassets; sourceTree = "<group>"; };
		28085B0C22C9B6C00021CA4C /* Base */ = {isa = PBXFileReference; lastKnownFileType = file.storyboard; name = Base; path = Base.lproj/LaunchScreen.storyboard; sourceTree = "<group>"; };
		28085B0E22C9B6C00021CA4C /* Info.plist */ = {isa = PBXFileReference; lastKnownFileType = text.plist.xml; path = Info.plist; sourceTree = "<group>"; };
		28085B1322C9B6C00021CA4C /* IDNumVerifTests.xctest */ = {isa = PBXFileReference; explicitFileType = wrapper.cfbundle; includeInIndex = 0; path = IDNumVerifTests.xctest; sourceTree = BUILT_PRODUCTS_DIR; };
		28085B1722C9B6C00021CA4C /* IDNumVerifTests.swift */ = {isa = PBXFileReference; lastKnownFileType = sourcecode.swift; path = IDNumVerifTests.swift; sourceTree = "<group>"; };
		28085B1922C9B6C00021CA4C /* Info.plist */ = {isa = PBXFileReference; lastKnownFileType = text.plist.xml; path = Info.plist; sourceTree = "<group>"; };
		28085B1E22C9B6C00021CA4C /* IDNumVerifUITests.xctest */ = {isa = PBXFileReference; explicitFileType = wrapper.cfbundle; includeInIndex = 0; path = IDNumVerifUITests.xctest; sourceTree = BUILT_PRODUCTS_DIR; };
		28085B2222C9B6C00021CA4C /* IDNumVerifUITests.swift */ = {isa = PBXFileReference; lastKnownFileType = sourcecode.swift; path = IDNumVerifUITests.swift; sourceTree = "<group>"; };
		28085B2422C9B6C00021CA4C /* Info.plist */ = {isa = PBXFileReference; lastKnownFileType = text.plist.xml; path = Info.plist; sourceTree = "<group>"; };
/* End PBXFileReference section */

/* Begin PBXFrameworksBuildPhase section */
		28085AFC22C9B6BC0021CA4C /* Frameworks */ = {
			isa = PBXFrameworksBuildPhase;
			buildActionMask = 2147483647;
			files = (
			);
			runOnlyForDeploymentPostprocessing = 0;
		};
		28085B1022C9B6C00021CA4C /* Frameworks */ = {
			isa = PBXFrameworksBuildPhase;
			buildActionMask = 2147483647;
			files = (
			);
			runOnlyForDeploymentPostprocessing = 0;
		};
		28085B1B22C9B6C00021CA4C /* Frameworks */ = {
			isa = PBXFrameworksBuildPhase;
			buildActionMask = 2147483647;
			files = (
			);
			runOnlyForDeploymentPostprocessing = 0;
		};
/* End PBXFrameworksBuildPhase section */

/* Begin PBXGroup section */
		28085AF622C9B6BC0021CA4C = {
			isa = PBXGroup;
			children = (
				28085B0122C9B6BC0021CA4C /* IDNumVerif */,
				28085B1622C9B6C00021CA4C /* IDNumVerifTests */,
				28085B2122C9B6C00021CA4C /* IDNumVerifUITests */,
				28085B0022C9B6BC0021CA4C /* Products */,
			);
			sourceTree = "<group>";
		};
		28085B0022C9B6BC0021CA4C /* Products */ = {
			isa = PBXGroup;
			children = (
				28085AFF22C9B6BC0021CA4C /* IDNumVerif.app */,
				28085B1322C9B6C00021CA4C /* IDNumVerifTests.xctest */,
				28085B1E22C9B6C00021CA4C /* IDNumVerifUITests.xctest */,
			);
			name = Products;
			sourceTree = "<group>";
		};
		28085B0122C9B6BC0021CA4C /* IDNumVerif */ = {
			isa = PBXGroup;
			children = (
				28085B0222C9B6BC0021CA4C /* AppDelegate.swift */,
				28085B0422C9B6BC0021CA4C /* ViewController.swift */,
				28085B0622C9B6BC0021CA4C /* Main.storyboard */,
				28085B0922C9B6C00021CA4C /* Assets.xcassets */,
				28085B0B22C9B6C00021CA4C /* LaunchScreen.storyboard */,
				28085B0E22C9B6C00021CA4C /* Info.plist */,
			);
			path = IDNumVerif;
			sourceTree = "<group>";
		};
		28085B1622C9B6C00021CA4C /* IDNumVerifTests */ = {
			isa = PBXGroup;
			children = (
				28085B1722C9B6C00021CA4C /* IDNumVerifTests.swift */,
				28085B1922C9B6C00021CA4C /* Info.plist */,
			);
			path = IDNumVerifTests;
			sourceTree = "<group>";
		};
		28085B2122C9B6C00021CA4C /* IDNumVerifUITests */ = {
			isa = PBXGroup;
			children = (
				28085B2222C9B6C00021CA4C /* IDNumVerifUITests.swift */,
				28085B2422C9B6C00021CA4C /* Info.plist */,
			);
			path = IDNumVerifUITests;
			sourceTree = "<group>";
		};
/* End PBXGroup section */

/* Begin PBXNativeTarget section */
		28085AFE22C9B6BC0021CA4C /* IDNumVerif */ = {
			isa = PBXNativeTarget;
			buildConfigurationList = 28085B2722C9B6C00021CA4C /* Build configuration list for PBXNativeTarget "IDNumVerif" */;
			buildPhases = (
				28085AFB22C9B6BC0021CA4C /* Sources */,
				28085AFC22C9B6BC0021CA4C /* Frameworks */,
				28085AFD22C9B6BC0021CA4C /* Resources */,
			);
			buildRules = (
			);
			dependencies = (
			);
			name = IDNumVerif;
			productName = IDNumVerif;
			productReference = 28085AFF22C9B6BC0021CA4C /* IDNumVerif.app */;
			productType = "com.apple.product-type.application";
		};
		28085B1222C9B6C00021CA4C /* IDNumVerifTests */ = {
			isa = PBXNativeTarget;
			buildConfigurationList = 28085B2A22C9B6C00021CA4C /* Build configuration list for PBXNativeTarget "IDNumVerifTests" */;
			buildPhases = (
				28085B0F22C9B6C00021CA4C /* Sources */,
				28085B1022C9B6C00021CA4C /* Frameworks */,
				28085B1122C9B6C00021CA4C /* Resources */,
			);
			buildRules = (
			);
			dependencies = (
				28085B1522C9B6C00021CA4C /* PBXTargetDependency */,
			);
			name = IDNumVerifTests;
			productName = IDNumVerifTests;
			productReference = 28085B1322C9B6C00021CA4C /* IDNumVerifTests.xctest */;
			productType = "com.apple.product-type.bundle.unit-test";
		};
		28085B1D22C9B6C00021CA4C /* IDNumVerifUITests */ = {
			isa = PBXNativeTarget;
			buildConfigurationList = 28085B2D22C9B6C00021CA4C /* Build configuration list for PBXNativeTarget "IDNumVerifUITests" */;
			buildPhases = (
				28085B1A22C9B6C00021CA4C /* Sources */,
				28085B1B22C9B6C00021CA4C /* Frameworks */,
				28085B1C22C9B6C00021CA4C /* Resources */,
			);
			buildRules = (
			);
			dependencies = (
				28085B2022C9B6C00021CA4C /* PBXTargetDependency */,
			);
			name = IDNumVerifUITests;
			productName = IDNumVerifUITests;
			productReference = 28085B1E22C9B6C00021CA4C /* IDNumVerifUITests.xctest */;
			productType = "com.apple.product-type.bundle.ui-testing";
		};
/* End PBXNativeTarget section */

/* Begin PBXProject section */
		28085AF722C9B6BC0021CA4C /* Project object */ = {
			isa = PBXProject;
			attributes = {
				LastSwiftUpdateCheck = 1020;
				LastUpgradeCheck = 1020;
				ORGANIZATIONNAME = yam;
				TargetAttributes = {
					28085AFE22C9B6BC0021CA4C = {
						CreatedOnToolsVersion = 10.2;
					};
					28085B1222C9B6C00021CA4C = {
						CreatedOnToolsVersion = 10.2;
						TestTargetID = 28085AFE22C9B6BC0021CA4C;
					};
					28085B1D22C9B6C00021CA4C = {
						CreatedOnToolsVersion = 10.2;
						TestTargetID = 28085AFE22C9B6BC0021CA4C;
					};
				};
			};
			buildConfigurationList = 28085AFA22C9B6BC0021CA4C /* Build configuration list for PBXProject "IDNumVerif" */;
			compatibilityVersion = "Xcode 9.3";
			developmentRegion = en;
			hasScannedForEncodings = 0;
			knownRegions = (
				en,
				Base,
			);
			mainGroup = 28085AF622C9B6BC0021CA4C;
			productRefGroup = 28085B0022C9B6BC0021CA4C /* Products */;
			projectDirPath = "";
			projectRoot = "";
			targets = (
				28085AFE22C9B6BC0021CA4C /* IDNumVerif */,
				28085B1222C9B6C00021CA4C /* IDNumVerifTests */,
				28085B1D22C9B6C00021CA4C /* IDNumVerifUITests */,
			);
		};
/* End PBXProject section */

/* Begin PBXResourcesBuildPhase section */
		28085AFD22C9B6BC0021CA4C /* Resources */ = {
			isa = PBXResourcesBuildPhase;
			buildActionMask = 2147483647;
			files = (
				28085B0D22C9B6C00021CA4C /* LaunchScreen.storyboard in Resources */,
				28085B0A22C9B6C00021CA4C /* Assets.xcassets in Resources */,
				28085B0822C9B6BC0021CA4C /* Main.storyboard in Resources */,
			);
			runOnlyForDeploymentPostprocessing = 0;
		};
		28085B1122C9B6C00021CA4C /* Resources */ = {
			isa = PBXResourcesBuildPhase;
			buildActionMask = 2147483647;
			files = (
			);
			runOnlyForDeploymentPostprocessing = 0;
		};
		28085B1C22C9B6C00021CA4C /* Resources */ = {
			isa = PBXResourcesBuildPhase;
			buildActionMask = 2147483647;
			files = (
			);
			runOnlyForDeploymentPostprocessing = 0;
		};
/* End PBXResourcesBuildPhase section */

/* Begin PBXSourcesBuildPhase section */
		28085AFB22C9B6BC0021CA4C /* Sources */ = {
			isa = PBXSourcesBuildPhase;
			buildActionMask = 2147483647;
			files = (
				28085B0522C9B6BC0021CA4C /* ViewController.swift in Sources */,
				28085B0322C9B6BC0021CA4C /* AppDelegate.swift in Sources */,
			);
			runOnlyForDeploymentPostprocessing = 0;
		};
		28085B0F22C9B6C00021CA4C /* Sources */ = {
			isa = PBXSourcesBuildPhase;
			buildActionMask = 2147483647;
			files = (
				28085B1822C9B6C00021CA4C /* IDNumVerifTests.swift in Sources */,
			);
			runOnlyForDeploymentPostprocessing = 0;
		};
		28085B1A22C9B6C00021CA4C /* Sources */ = {
			isa = PBXSourcesBuildPhase;
			buildActionMask = 2147483647;
			files = (
				28085B2322C9B6C00021CA4C /* IDNumVerifUITests.swift in Sources */,
			);
			runOnlyForDeploymentPostprocessing = 0;
		};
/* End PBXSourcesBuildPhase section */

/* Begin PBXTargetDependency section */
		28085B1522C9B6C00021CA4C /* PBXTargetDependency */ = {
			isa = PBXTargetDependency;
			target = 28085AFE22C9B6BC0021CA4C /* IDNumVerif */;
			targetProxy = 28085B1422C9B6C00021CA4C /* PBXContainerItemProxy */;
		};
		28085B2022C9B6C00021CA4C /* PBXTargetDependency */ = {
			isa = PBXTargetDependency;
			target = 28085AFE22C9B6BC0021CA4C /* IDNumVerif */;
			targetProxy = 28085B1F22C9B6C00021CA4C /* PBXContainerItemProxy */;
		};
/* End PBXTargetDependency section */

/* Begin PBXVariantGroup section */
		28085B0622C9B6BC0021CA4C /* Main.storyboard */ = {
			isa = PBXVariantGroup;
			children = (
				28085B0722C9B6BC0021CA4C /* Base */,
			);
			name = Main.storyboard;
			sourceTree = "<group>";
		};
		28085B0B22C9B6C00021CA4C /* LaunchScreen.storyboard */ = {
			isa = PBXVariantGroup;
			children = (
				28085B0C22C9B6C00021CA4C /* Base */,
			);
			name = LaunchScreen.storyboard;
			sourceTree = "<group>";
		};
/* End PBXVariantGroup section */

/* Begin XCBuildConfiguration section */
		28085B2522C9B6C00021CA4C /* Debug */ = {
			isa = XCBuildConfiguration;
			buildSettings = {
				ALWAYS_SEARCH_USER_PATHS = NO;
				CLANG_ANALYZER_NONNULL = YES;
				CLANG_ANALYZER_NUMBER_OBJECT_CONVERSION = YES_AGGRESSIVE;
				CLANG_CXX_LANGUAGE_STANDARD = "gnu++14";
				CLANG_CXX_LIBRARY = "libc++";
				CLANG_ENABLE_MODULES = YES;
				CLANG_ENABLE_OBJC_ARC = YES;
				CLANG_ENABLE_OBJC_WEAK = YES;
				CLANG_WARN_BLOCK_CAPTURE_AUTORELEASING = YES;
				CLANG_WARN_BOOL_CONVERSION = YES;
				CLANG_WARN_COMMA = YES;
				CLANG_WARN_CONSTANT_CONVERSION = YES;
				CLANG_WARN_DEPRECATED_OBJC_IMPLEMENTATIONS = YES;
				CLANG_WARN_DIRECT_OBJC_ISA_USAGE = YES_ERROR;
				CLANG_WARN_DOCUMENTATION_COMMENTS = YES;
				CLANG_WARN_EMPTY_BODY = YES;
				CLANG_WARN_ENUM_CONVERSION = YES;
				CLANG_WARN_INFINITE_RECURSION = YES;
				CLANG_WARN_INT_CONVERSION = YES;
				CLANG_WARN_NON_LITERAL_NULL_CONVERSION = YES;
				CLANG_WARN_OBJC_IMPLICIT_RETAIN_SELF = YES;
				CLANG_WARN_OBJC_LITERAL_CONVERSION = YES;
				CLANG_WARN_OBJC_ROOT_CLASS = YES_ERROR;
				CLANG_WARN_RANGE_LOOP_ANALYSIS = YES;
				CLANG_WARN_STRICT_PROTOTYPES = YES;
				CLANG_WARN_SUSPICIOUS_MOVE = YES;
				CLANG_WARN_UNGUARDED_AVAILABILITY = YES_AGGRESSIVE;
				CLANG_WARN_UNREACHABLE_CODE = YES;
				CLANG_WARN__DUPLICATE_METHOD_MATCH = YES;
				CODE_SIGN_IDENTITY = "iPhone Developer";
				COPY_PHASE_STRIP = NO;
				DEBUG_INFORMATION_FORMAT = dwarf;
				ENABLE_STRICT_OBJC_MSGSEND = YES;
				ENABLE_TESTABILITY = YES;
				GCC_C_LANGUAGE_STANDARD = gnu11;
				GCC_DYNAMIC_NO_PIC = NO;
				GCC_NO_COMMON_BLOCKS = YES;
				GCC_OPTIMIZATION_LEVEL = 0;
				GCC_PREPROCESSOR_DEFINITIONS = (
					"DEBUG=1",
					"$(inherited)",
				);
				GCC_WARN_64_TO_32_BIT_CONVERSION = YES;
				GCC_WARN_ABOUT_RETURN_TYPE = YES_ERROR;
				GCC_WARN_UNDECLARED_SELECTOR = YES;
				GCC_WARN_UNINITIALIZED_AUTOS = YES_AGGRESSIVE;
				GCC_WARN_UNUSED_FUNCTION = YES;
				GCC_WARN_UNUSED_VARIABLE = YES;
				IPHONEOS_DEPLOYMENT_TARGET = 12.2;
				MTL_ENABLE_DEBUG_INFO = INCLUDE_SOURCE;
				MTL_FAST_MATH = YES;
				ONLY_ACTIVE_ARCH = YES;
				SDKROOT = iphoneos;
				SWIFT_ACTIVE_COMPILATION_CONDITIONS = DEBUG;
				SWIFT_OPTIMIZATION_LEVEL = "-Onone";
			};
			name = Debug;
		};
		28085B2622C9B6C00021CA4C /* Release */ = {
			isa = XCBuildConfiguration;
			buildSettings = {
				ALWAYS_SEARCH_USER_PATHS = NO;
				CLANG_ANALYZER_NONNULL = YES;
				CLANG_ANALYZER_NUMBER_OBJECT_CONVERSION = YES_AGGRESSIVE;
				CLANG_CXX_LANGUAGE_STANDARD = "gnu++14";
				CLANG_CXX_LIBRARY = "libc++";
				CLANG_ENABLE_MODULES = YES;
				CLANG_ENABLE_OBJC_ARC = YES;
				CLANG_ENABLE_OBJC_WEAK = YES;
				CLANG_WARN_BLOCK_CAPTURE_AUTORELEASING = YES;
				CLANG_WARN_BOOL_CONVERSION = YES;
				CLANG_WARN_COMMA = YES;
				CLANG_WARN_CONSTANT_CONVERSION = YES;
				CLANG_WARN_DEPRECATED_OBJC_IMPLEMENTATIONS = YES;
				CLANG_WARN_DIRECT_OBJC_ISA_USAGE = YES_ERROR;
				CLANG_WARN_DOCUMENTATION_COMMENTS = YES;
				CLANG_WARN_EMPTY_BODY = YES;
				CLANG_WARN_ENUM_CONVERSION = YES;
				CLANG_WARN_INFINITE_RECURSION = YES;
				CLANG_WARN_INT_CONVERSION = YES;
				CLANG_WARN_NON_LITERAL_NULL_CONVERSION = YES;
				CLANG_WARN_OBJC_IMPLICIT_RETAIN_SELF = YES;
				CLANG_WARN_OBJC_LITERAL_CONVERSION = YES;
				CLANG_WARN_OBJC_ROOT_CLASS = YES_ERROR;
				CLANG_WARN_RANGE_LOOP_ANALYSIS = YES;
				CLANG_WARN_STRICT_PROTOTYPES = YES;
				CLANG_WARN_SUSPICIOUS_MOVE = YES;
				CLANG_WARN_UNGUARDED_AVAILABILITY = YES_AGGRESSIVE;
				CLANG_WARN_UNREACHABLE_CODE = YES;
				CLANG_WARN__DUPLICATE_METHOD_MATCH = YES;
				CODE_SIGN_IDENTITY = "iPhone Developer";
				COPY_PHASE_STRIP = NO;
				DEBUG_INFORMATION_FORMAT = "dwarf-with-dsym";
				ENABLE_NS_ASSERTIONS = NO;
				ENABLE_STRICT_OBJC_MSGSEND = YES;
				GCC_C_LANGUAGE_STANDARD = gnu11;
				GCC_NO_COMMON_BLOCKS = YES;
				GCC_WARN_64_TO_32_BIT_CONVERSION = YES;
				GCC_WARN_ABOUT_RETURN_TYPE = YES_ERROR;
				GCC_WARN_UNDECLARED_SELECTOR = YES;
				GCC_WARN_UNINITIALIZED_AUTOS = YES_AGGRESSIVE;
				GCC_WARN_UNUSED_FUNCTION = YES;
				GCC_WARN_UNUSED_VARIABLE = YES;
				IPHONEOS_DEPLOYMENT_TARGET = 12.2;
				MTL_ENABLE_DEBUG_INFO = NO;
				MTL_FAST_MATH = YES;
				SDKROOT = iphoneos;
				SWIFT_COMPILATION_MODE = wholemodule;
				SWIFT_OPTIMIZATION_LEVEL = "-O";
				VALIDATE_PRODUCT = YES;
			};
			name = Release;
		};
		28085B2822C9B6C00021CA4C /* Debug */ = {
			isa = XCBuildConfiguration;
			buildSettings = {
				ASSETCATALOG_COMPILER_APPICON_NAME = AppIcon;
				CODE_SIGN_STYLE = Automatic;
				DEVELOPMENT_TEAM = 84FWE685L8;
				INFOPLIST_FILE = IDNumVerif/Info.plist;
				LD_RUNPATH_SEARCH_PATHS = (
					"$(inherited)",
					"@executable_path/Frameworks",
				);
				PRODUCT_BUNDLE_IDENTIFIER = com.yamdemo.IDNumVerif;
				PRODUCT_NAME = "$(TARGET_NAME)";
				SWIFT_VERSION = 5.0;
				TARGETED_DEVICE_FAMILY = "1,2";
			};
			name = Debug;
		};
		28085B2922C9B6C00021CA4C /* Release */ = {
			isa = XCBuildConfiguration;
			buildSettings = {
				ASSETCATALOG_COMPILER_APPICON_NAME = AppIcon;
				CODE_SIGN_STYLE = Automatic;
				DEVELOPMENT_TEAM = 84FWE685L8;
				INFOPLIST_FILE = IDNumVerif/Info.plist;
				LD_RUNPATH_SEARCH_PATHS = (
					"$(inherited)",
					"@executable_path/Frameworks",
				);
				PRODUCT_BUNDLE_IDENTIFIER = com.yamdemo.IDNumVerif;
				PRODUCT_NAME = "$(TARGET_NAME)";
				SWIFT_VERSION = 5.0;
				TARGETED_DEVICE_FAMILY = "1,2";
			};
			name = Release;
		};
		28085B2B22C9B6C00021CA4C /* Debug */ = {
			isa = XCBuildConfiguration;
			buildSettings = {
				ALWAYS_EMBED_SWIFT_STANDARD_LIBRARIES = YES;
				BUNDLE_LOADER = "$(TEST_HOST)";
				CODE_SIGN_STYLE = Automatic;
				DEVELOPMENT_TEAM = 84FWE685L8;
				INFOPLIST_FILE = IDNumVerifTests/Info.plist;
				LD_RUNPATH_SEARCH_PATHS = (
					"$(inherited)",
					"@executable_path/Frameworks",
					"@loader_path/Frameworks",
				);
				PRODUCT_BUNDLE_IDENTIFIER = com.yamdemo.IDNumVerifTests;
				PRODUCT_NAME = "$(TARGET_NAME)";
				SWIFT_VERSION = 5.0;
				TARGETED_DEVICE_FAMILY = "1,2";
				TEST_HOST = "$(BUILT_PRODUCTS_DIR)/IDNumVerif.app/IDNumVerif";
			};
			name = Debug;
		};
		28085B2C22C9B6C00021CA4C /* Release */ = {
			isa = XCBuildConfiguration;
			buildSettings = {
				ALWAYS_EMBED_SWIFT_STANDARD_LIBRARIES = YES;
				BUNDLE_LOADER = "$(TEST_HOST)";
				CODE_SIGN_STYLE = Automatic;
				DEVELOPMENT_TEAM = 84FWE685L8;
				INFOPLIST_FILE = IDNumVerifTests/Info.plist;
				LD_RUNPATH_SEARCH_PATHS = (
					"$(inherited)",
					"@executable_path/Frameworks",
					"@loader_path/Frameworks",
				);
				PRODUCT_BUNDLE_IDENTIFIER = com.yamdemo.IDNumVerifTests;
				PRODUCT_NAME = "$(TARGET_NAME)";
				SWIFT_VERSION = 5.0;
				TARGETED_DEVICE_FAMILY = "1,2";
				TEST_HOST = "$(BUILT_PRODUCTS_DIR)/IDNumVerif.app/IDNumVerif";
			};
			name = Release;
		};
		28085B2E22C9B6C00021CA4C /* Debug */ = {
			isa = XCBuildConfiguration;
			buildSettings = {
				ALWAYS_EMBED_SWIFT_STANDARD_LIBRARIES = YES;
				CODE_SIGN_STYLE = Automatic;
				DEVELOPMENT_TEAM = 84FWE685L8;
				INFOPLIST_FILE = IDNumVerifUITests/Info.plist;
				LD_RUNPATH_SEARCH_PATHS = (
					"$(inherited)",
					"@executable_path/Frameworks",
					"@loader_path/Frameworks",
				);
				PRODUCT_BUNDLE_IDENTIFIER = com.yamdemo.IDNumVerifUITests;
				PRODUCT_NAME = "$(TARGET_NAME)";
				SWIFT_VERSION = 5.0;
				TARGETED_DEVICE_FAMILY = "1,2";
				TEST_TARGET_NAME = IDNumVerif;
			};
			name = Debug;
		};
		28085B2F22C9B6C00021CA4C /* Release */ = {
			isa = XCBuildConfiguration;
			buildSettings = {
				ALWAYS_EMBED_SWIFT_STANDARD_LIBRARIES = YES;
				CODE_SIGN_STYLE = Automatic;
				DEVELOPMENT_TEAM = 84FWE685L8;
				INFOPLIST_FILE = IDNumVerifUITests/Info.plist;
				LD_RUNPATH_SEARCH_PATHS = (
					"$(inherited)",
					"@executable_path/Frameworks",
					"@loader_path/Frameworks",
				);
				PRODUCT_BUNDLE_IDENTIFIER = com.yamdemo.IDNumVerifUITests;
				PRODUCT_NAME = "$(TARGET_NAME)";
				SWIFT_VERSION = 5.0;
				TARGETED_DEVICE_FAMILY = "1,2";
				TEST_TARGET_NAME = IDNumVerif;
			};
			name = Release;
		};
/* End XCBuildConfiguration section */

/* Begin XCConfigurationList section */
		28085AFA22C9B6BC0021CA4C /* Build configuration list for PBXProject "IDNumVerif" */ = {
			isa = XCConfigurationList;
			buildConfigurations = (
				28085B2522C9B6C00021CA4C /* Debug */,
				28085B2622C9B6C00021CA4C /* Release */,
			);
			defaultConfigurationIsVisible = 0;
			defaultConfigurationName = Release;
		};
		28085B2722C9B6C00021CA4C /* Build configuration list for PBXNativeTarget "IDNumVerif" */ = {
			isa = XCConfigurationList;
			buildConfigurations = (
				28085B2822C9B6C00021CA4C /* Debug */,
				28085B2922C9B6C00021CA4C /* Release */,
			);
			defaultConfigurationIsVisible = 0;
			defaultConfigurationName = Release;
		};
		28085B2A22C9B6C00021CA4C /* Build configuration list for PBXNativeTarget "IDNumVerifTests" */ = {
			isa = XCConfigurationList;
			buildConfigurations = (
				28085B2B22C9B6C00021CA4C /* Debug */,
				28085B2C22C9B6C00021CA4C /* Release */,
			);
			defaultConfigurationIsVisible = 0;
			defaultConfigurationName = Release;
		};
		28085B2D22C9B6C00021CA4C /* Build configuration list for PBXNativeTarget "IDNumVerifUITests" */ = {
			isa = XCConfigurationList;
			buildConfigurations = (
				28085B2E22C9B6C00021CA4C /* Debug */,
				28085B2F22C9B6C00021CA4C /* Release */,
			);
			defaultConfigurationIsVisible = 0;
			defaultConfigurationName = Release;
		};
/* End XCConfigurationList section */
	};
	rootObject = 28085AF722C9B6BC0021CA4C /* Project object */;
}
